
Microsoft Visual Studio Solution File, Format Version 12.00
# Visual Studio Version 17
VisualStudioVersion = 17.8.34330.188
MinimumVisualStudioVersion = 10.0.40219.1
Project("{FAE04EC0-301F-11D3-BF4B-00C04F79EFBC}") = "ListaTareas", "ListaTareas\ListaTareas.csproj", "{F716CAE0-0C8F-4985-B341-DF313555FCE4}"
EndProject
Global
	GlobalSection(SolutionConfigurationPlatforms) = preSolution
		Debug|Any CPU = Debug|Any CPU
		Release|Any CPU = Release|Any CPU
	EndGlobalSection
	GlobalSection(ProjectConfigurationPlatforms) = postSolution
		{F716CAE0-0C8F-4985-B341-DF313555FCE4}.Debug|Any CPU.ActiveCfg = Debug|Any CPU
		{F716CAE0-0C8F-4985-B341-DF313555FCE4}.Debug|Any CPU.Build.0 = Debug|Any CPU
		{F716CAE0-0C8F-4985-B341-DF313555FCE4}.Release|Any CPU.ActiveCfg = Release|Any CPU
		{F716CAE0-0C8F-4985-B341-DF313555FCE4}.Release|Any CPU.Build.0 = Release|Any CPU
	EndGlobalSection
	GlobalSection(SolutionProperties) = preSolution
		HideSolutionNode = FALSE
	EndGlobalSection
	GlobalSection(ExtensibilityGlobals) = postSolution
		SolutionGuid = {4A629CFD-C92C-412A-B7A4-03CEBF2CFE6C}
	EndGlobalSection
EndGlobal
